
Microsoft Visual Studio Solution File, Format Version 12.00
# Visual Studio Version 17
VisualStudioVersion = 17.3.32804.467
MinimumVisualStudioVersion = 10.0.40219.1
Project("{FAE04EC0-301F-11D3-BF4B-00C04F79EFBC}") = "GRUP-3", "GRUP-3\GRUP-3.csproj", "{C341BCD0-7B05-4E43-BF2C-00495BA1FCA4}"
EndProject
Global
	GlobalSection(SolutionConfigurationPlatforms) = preSolution
		Debug|Any CPU = Debug|Any CPU
		Release|Any CPU = Release|Any CPU
	EndGlobalSection
	GlobalSection(ProjectConfigurationPlatforms) = postSolution
		{C341BCD0-7B05-4E43-BF2C-00495BA1FCA4}.Debug|Any CPU.ActiveCfg = Debug|Any CPU
		{C341BCD0-7B05-4E43-BF2C-00495BA1FCA4}.Debug|Any CPU.Build.0 = Debug|Any CPU
		{C341BCD0-7B05-4E43-BF2C-00495BA1FCA4}.Release|Any CPU.ActiveCfg = Release|Any CPU
		{C341BCD0-7B05-4E43-BF2C-00495BA1FCA4}.Release|Any CPU.Build.0 = Release|Any CPU
	EndGlobalSection
	GlobalSection(SolutionProperties) = preSolution
		HideSolutionNode = FALSE
	EndGlobalSection
	GlobalSection(ExtensibilityGlobals) = postSolution
		SolutionGuid = {0C499325-A1FB-4BE8-8BEB-886127A81060}
	EndGlobalSection
EndGlobal
